
Microsoft Visual Studio Solution File, Format Version 12.00
# Visual Studio 15
VisualStudioVersion = 15.0.27428.2015
MinimumVisualStudioVersion = 10.0.40219.1
Project("{2150E333-8FDC-42A3-9474-1A3956D46DE8}") = "ClassLibraries", "ClassLibraries", "{8036876E-067A-41C4-AD7A-DF741B6456A2}"
EndProject
Project("{2150E333-8FDC-42A3-9474-1A3956D46DE8}") = "Presentation", "Presentation", "{CFA0257B-2FD5-4973-94A5-25BF988B6659}"
EndProject
Project("{2150E333-8FDC-42A3-9474-1A3956D46DE8}") = "Tests", "Tests", "{16398A96-8B98-40F8-BE79-E41448EF6EA4}"
EndProject
Project("{FAE04EC0-301F-11D3-BF4B-00C04F79EFBC}") = "C2C.Core", "C2C.Core\C2C.Core.csproj", "{B0BB1344-0688-496E-ADBD-B98CD53E0401}"
EndProject
Project("{FAE04EC0-301F-11D3-BF4B-00C04F79EFBC}") = "C2C.ConsoleApp", "C2C.ConsoleApp\C2C.ConsoleApp.csproj", "{756ECF3E-676C-410F-B05E-BE207D7483E0}"
EndProject
Project("{FAE04EC0-301F-11D3-BF4B-00C04F79EFBC}") = "C2C.UnitTests", "C2C.UnitTests\C2C.UnitTests.csproj", "{A698D241-CEC9-466B-8885-63D94F7C9E12}"
EndProject
Global
	GlobalSection(SolutionConfigurationPlatforms) = preSolution
		Debug|Any CPU = Debug|Any CPU
		Release|Any CPU = Release|Any CPU
	EndGlobalSection
	GlobalSection(ProjectConfigurationPlatforms) = postSolution
		{B0BB1344-0688-496E-ADBD-B98CD53E0401}.Debug|Any CPU.ActiveCfg = Debug|Any CPU
		{B0BB1344-0688-496E-ADBD-B98CD53E0401}.Debug|Any CPU.Build.0 = Debug|Any CPU
		{B0BB1344-0688-496E-ADBD-B98CD53E0401}.Release|Any CPU.ActiveCfg = Release|Any CPU
		{B0BB1344-0688-496E-ADBD-B98CD53E0401}.Release|Any CPU.Build.0 = Release|Any CPU
		{756ECF3E-676C-410F-B05E-BE207D7483E0}.Debug|Any CPU.ActiveCfg = Debug|Any CPU
		{756ECF3E-676C-410F-B05E-BE207D7483E0}.Debug|Any CPU.Build.0 = Debug|Any CPU
		{756ECF3E-676C-410F-B05E-BE207D7483E0}.Release|Any CPU.ActiveCfg = Release|Any CPU
		{756ECF3E-676C-410F-B05E-BE207D7483E0}.Release|Any CPU.Build.0 = Release|Any CPU
		{A698D241-CEC9-466B-8885-63D94F7C9E12}.Debug|Any CPU.ActiveCfg = Debug|Any CPU
		{A698D241-CEC9-466B-8885-63D94F7C9E12}.Debug|Any CPU.Build.0 = Debug|Any CPU
		{A698D241-CEC9-466B-8885-63D94F7C9E12}.Release|Any CPU.ActiveCfg = Release|Any CPU
		{A698D241-CEC9-466B-8885-63D94F7C9E12}.Release|Any CPU.Build.0 = Release|Any CPU
	EndGlobalSection
	GlobalSection(SolutionProperties) = preSolution
		HideSolutionNode = FALSE
	EndGlobalSection
	GlobalSection(NestedProjects) = preSolution
		{B0BB1344-0688-496E-ADBD-B98CD53E0401} = {8036876E-067A-41C4-AD7A-DF741B6456A2}
		{756ECF3E-676C-410F-B05E-BE207D7483E0} = {CFA0257B-2FD5-4973-94A5-25BF988B6659}
		{A698D241-CEC9-466B-8885-63D94F7C9E12} = {16398A96-8B98-40F8-BE79-E41448EF6EA4}
	EndGlobalSection
	GlobalSection(ExtensibilityGlobals) = postSolution
		SolutionGuid = {1A9FF567-5B87-492F-B1EA-AF2E7AAFE254}
	EndGlobalSection
EndGlobal
